{
  "originHash" : "99b10d944974e436bf30cf1069517209cd19f83c2f818762d9c612c6e9c038fc",
  "pins" : [
    {
      "identity" : "swift-system",
      "kind" : "remoteSourceControl",
      "location" : "https://github.com/apple/swift-system",
      "state" : {
        "branch" : "david/ioring",
        "revision" : "a22e5f685866614a027ff4a394e2af71d4b412c8"
      }
    }
  ],
  "version" : 3
}
