{
  "originHash" : "99b10d944974e436bf30cf1069517209cd19f83c2f818762d9c612c6e9c038fc",
  "pins" : [
    {
      "identity" : "swift-system",
      "kind" : "remoteSourceControl",
      "location" : "https://github.com/apple/swift-system",
      "state" : {
        "branch" : "david/ioring",
        "revision" : "0c6ef16ca91cd82ab78a52a5cac83b113ba8e67d"
      }
    }
  ],
  "version" : 3
}
